
Microsoft Visual Studio Solution File, Format Version 12.00
# Visual Studio Version 17
VisualStudioVersion = 17.7.34221.43
MinimumVisualStudioVersion = 10.0.40219.1
Project("{FAE04EC0-301F-11D3-BF4B-00C04F79EFBC}") = "GitColaborativo", "GitColaborativo\GitColaborativo.csproj", "{F9C69D25-1220-4E91-B590-C2B5F63DF93A}"
EndProject
Global
	GlobalSection(SolutionConfigurationPlatforms) = preSolution
		Debug|Any CPU = Debug|Any CPU
		Release|Any CPU = Release|Any CPU
	EndGlobalSection
	GlobalSection(ProjectConfigurationPlatforms) = postSolution
		{F9C69D25-1220-4E91-B590-C2B5F63DF93A}.Debug|Any CPU.ActiveCfg = Debug|Any CPU
		{F9C69D25-1220-4E91-B590-C2B5F63DF93A}.Debug|Any CPU.Build.0 = Debug|Any CPU
		{F9C69D25-1220-4E91-B590-C2B5F63DF93A}.Release|Any CPU.ActiveCfg = Release|Any CPU
		{F9C69D25-1220-4E91-B590-C2B5F63DF93A}.Release|Any CPU.Build.0 = Release|Any CPU
	EndGlobalSection
	GlobalSection(SolutionProperties) = preSolution
		HideSolutionNode = FALSE
	EndGlobalSection
	GlobalSection(ExtensibilityGlobals) = postSolution
		SolutionGuid = {596F62CB-84E4-4DD5-B400-1AA7EE5A42CE}
	EndGlobalSection
EndGlobal
